
Microsoft Visual Studio Solution File, Format Version 12.00
# Visual Studio Version 16
VisualStudioVersion = 16.0.29411.108
MinimumVisualStudioVersion = 10.0.40219.1
<<<<<<< HEAD:BillReportsGenerator.sln
Project("{FAE04EC0-301F-11D3-BF4B-00C04F79EFBC}") = "BillReportsGenerator", "VodafoneInvoiceModifier\BillReportsGenerator.csproj", "{EE2E919C-DD0E-4986-A46C-BF9E65001CE7}"
EndProject
Project("{FAE04EC0-301F-11D3-BF4B-00C04F79EFBC}") = "UnitTestBillReportsGenerator", "UnitTestBillReportsGenerator\UnitTestBillReportsGenerator.csproj", "{72CF4CD2-1807-4077-9D01-158F8556BF91}"
=======
Project("{FAE04EC0-301F-11D3-BF4B-00C04F79EFBC}") = "MobileNumbersDetailizationReportGenerator", "MobileNumbersDetailizationReportGenerator.csproj", "{EE2E919C-DD0E-4986-A46C-BF9E65001CE7}"
EndProject
Project("{FAE04EC0-301F-11D3-BF4B-00C04F79EFBC}") = "MobileNumbersDetailizationReportGeneratorTests", "..\MobileNumbersDetailizationReportGeneratorTests\MobileNumbersDetailizationReportGeneratorTests.csproj", "{1E71030D-71E1-4FA3-AF19-9E191831F954}"
>>>>>>> e0433b1d552acf73fdf9cffa86871a82dc5f55bf:MobileNumbersDetailizationReportGenerator.sln
EndProject
Global
	GlobalSection(SolutionConfigurationPlatforms) = preSolution
		Debug|Any CPU = Debug|Any CPU
		Release|Any CPU = Release|Any CPU
	EndGlobalSection
	GlobalSection(ProjectConfigurationPlatforms) = postSolution
		{EE2E919C-DD0E-4986-A46C-BF9E65001CE7}.Debug|Any CPU.ActiveCfg = Release|Any CPU
		{EE2E919C-DD0E-4986-A46C-BF9E65001CE7}.Debug|Any CPU.Build.0 = Release|Any CPU
		{EE2E919C-DD0E-4986-A46C-BF9E65001CE7}.Release|Any CPU.ActiveCfg = Release|Any CPU
		{EE2E919C-DD0E-4986-A46C-BF9E65001CE7}.Release|Any CPU.Build.0 = Release|Any CPU
<<<<<<< HEAD:BillReportsGenerator.sln
		{72CF4CD2-1807-4077-9D01-158F8556BF91}.Debug|Any CPU.ActiveCfg = Debug|Any CPU
		{72CF4CD2-1807-4077-9D01-158F8556BF91}.Debug|Any CPU.Build.0 = Debug|Any CPU
		{72CF4CD2-1807-4077-9D01-158F8556BF91}.Release|Any CPU.ActiveCfg = Release|Any CPU
		{72CF4CD2-1807-4077-9D01-158F8556BF91}.Release|Any CPU.Build.0 = Release|Any CPU
=======
		{1E71030D-71E1-4FA3-AF19-9E191831F954}.Debug|Any CPU.ActiveCfg = Debug|Any CPU
		{1E71030D-71E1-4FA3-AF19-9E191831F954}.Debug|Any CPU.Build.0 = Debug|Any CPU
		{1E71030D-71E1-4FA3-AF19-9E191831F954}.Release|Any CPU.ActiveCfg = Release|Any CPU
		{1E71030D-71E1-4FA3-AF19-9E191831F954}.Release|Any CPU.Build.0 = Release|Any CPU
>>>>>>> e0433b1d552acf73fdf9cffa86871a82dc5f55bf:MobileNumbersDetailizationReportGenerator.sln
	EndGlobalSection
	GlobalSection(SolutionProperties) = preSolution
		HideSolutionNode = FALSE
	EndGlobalSection
	GlobalSection(ExtensibilityGlobals) = postSolution
		SolutionGuid = {9768E60B-CA89-433F-A942-3068A77892C6}
	EndGlobalSection
EndGlobal
